{
  "name": "Jiss",
  "lockfileVersion": 3,
  "requires": true,
  "packages": {
    "": {
      "dependencies": {
        "dayschedule-widget": "^1.1.9"
      }
    },
    "node_modules/dayschedule-widget": {
      "version": "1.1.9",
      "resolved": "https://registry.npmjs.org/dayschedule-widget/-/dayschedule-widget-1.1.9.tgz",
      "integrity": "sha512-4da28V8nZAdSUIl+kPZiw/1+PIUGH0aEJ010f/5xjM+h6DkrWXMSddYBjNlbRvH/yetnwisYvzOQpedtjMwrdA=="
    }
  }
}
